
Microsoft Visual Studio Solution File, Format Version 12.00
# Visual Studio Version 17
VisualStudioVersion = 17.0.31903.59
MinimumVisualStudioVersion = 10.0.40219.1
Project("{2150E333-8FDC-42A3-9474-1A3956D46DE8}") = "src", "src", "{827E0CD3-B72D-47B6-A68D-7590B98EB39B}"
	ProjectSection(SolutionItems) = preProject
		docker-compose.yml = docker-compose.yml
		Dockerfile = Dockerfile
	EndProjectSection
EndProject
Project("{FAE04EC0-301F-11D3-BF4B-00C04F79EFBC}") = "CleaningMyName.Domain", "src\CleaningMyName.Domain\CleaningMyName.Domain.csproj", "{77F77AA5-6719-4F09-AB92-EF6EEE185071}"
EndProject
Project("{FAE04EC0-301F-11D3-BF4B-00C04F79EFBC}") = "CleaningMyName.Application", "src\CleaningMyName.Application\CleaningMyName.Application.csproj", "{0DDA639D-EC48-413A-8E09-F90F2B27E8A1}"
EndProject
Project("{FAE04EC0-301F-11D3-BF4B-00C04F79EFBC}") = "CleaningMyName.Infrastructure", "src\CleaningMyName.Infrastructure\CleaningMyName.Infrastructure.csproj", "{AACD6FFF-4661-4D9E-B632-AE6138E7CBA3}"
EndProject
Project("{FAE04EC0-301F-11D3-BF4B-00C04F79EFBC}") = "CleaningMyName.Api", "src\CleaningMyName.Api\CleaningMyName.Api.csproj", "{03665114-6AAC-4E06-8C4C-DE3AA39B0E93}"
EndProject
Project("{2150E333-8FDC-42A3-9474-1A3956D46DE8}") = "test", "test", "{0C88DD14-F956-CE84-757C-A364CCF449FC}"
EndProject
Project("{FAE04EC0-301F-11D3-BF4B-00C04F79EFBC}") = "CleaningMyName.UnitTests", "test\CleaningMyName.UnitTests\CleaningMyName.UnitTests.csproj", "{7E31E496-3680-44A7-AB92-5CE70E1D99C9}"
EndProject
Project("{FAE04EC0-301F-11D3-BF4B-00C04F79EFBC}") = "CleaningMyName.IntegrationTests", "test\CleaningMyName.IntegrationTests\CleaningMyName.IntegrationTests.csproj", "{DE103138-085A-498E-BC55-3095075B2695}"
EndProject
Global
	GlobalSection(SolutionConfigurationPlatforms) = preSolution
		Debug|Any CPU = Debug|Any CPU
		Debug|x64 = Debug|x64
		Debug|x86 = Debug|x86
		Release|Any CPU = Release|Any CPU
		Release|x64 = Release|x64
		Release|x86 = Release|x86
	EndGlobalSection
	GlobalSection(ProjectConfigurationPlatforms) = postSolution
		{77F77AA5-6719-4F09-AB92-EF6EEE185071}.Debug|Any CPU.ActiveCfg = Debug|Any CPU
		{77F77AA5-6719-4F09-AB92-EF6EEE185071}.Debug|Any CPU.Build.0 = Debug|Any CPU
		{77F77AA5-6719-4F09-AB92-EF6EEE185071}.Debug|x64.ActiveCfg = Debug|Any CPU
		{77F77AA5-6719-4F09-AB92-EF6EEE185071}.Debug|x64.Build.0 = Debug|Any CPU
		{77F77AA5-6719-4F09-AB92-EF6EEE185071}.Debug|x86.ActiveCfg = Debug|Any CPU
		{77F77AA5-6719-4F09-AB92-EF6EEE185071}.Debug|x86.Build.0 = Debug|Any CPU
		{77F77AA5-6719-4F09-AB92-EF6EEE185071}.Release|Any CPU.ActiveCfg = Release|Any CPU
		{77F77AA5-6719-4F09-AB92-EF6EEE185071}.Release|Any CPU.Build.0 = Release|Any CPU
		{77F77AA5-6719-4F09-AB92-EF6EEE185071}.Release|x64.ActiveCfg = Release|Any CPU
		{77F77AA5-6719-4F09-AB92-EF6EEE185071}.Release|x64.Build.0 = Release|Any CPU
		{77F77AA5-6719-4F09-AB92-EF6EEE185071}.Release|x86.ActiveCfg = Release|Any CPU
		{77F77AA5-6719-4F09-AB92-EF6EEE185071}.Release|x86.Build.0 = Release|Any CPU
		{0DDA639D-EC48-413A-8E09-F90F2B27E8A1}.Debug|Any CPU.ActiveCfg = Debug|Any CPU
		{0DDA639D-EC48-413A-8E09-F90F2B27E8A1}.Debug|Any CPU.Build.0 = Debug|Any CPU
		{0DDA639D-EC48-413A-8E09-F90F2B27E8A1}.Debug|x64.ActiveCfg = Debug|Any CPU
		{0DDA639D-EC48-413A-8E09-F90F2B27E8A1}.Debug|x64.Build.0 = Debug|Any CPU
		{0DDA639D-EC48-413A-8E09-F90F2B27E8A1}.Debug|x86.ActiveCfg = Debug|Any CPU
		{0DDA639D-EC48-413A-8E09-F90F2B27E8A1}.Debug|x86.Build.0 = Debug|Any CPU
		{0DDA639D-EC48-413A-8E09-F90F2B27E8A1}.Release|Any CPU.ActiveCfg = Release|Any CPU
		{0DDA639D-EC48-413A-8E09-F90F2B27E8A1}.Release|Any CPU.Build.0 = Release|Any CPU
		{0DDA639D-EC48-413A-8E09-F90F2B27E8A1}.Release|x64.ActiveCfg = Release|Any CPU
		{0DDA639D-EC48-413A-8E09-F90F2B27E8A1}.Release|x64.Build.0 = Release|Any CPU
		{0DDA639D-EC48-413A-8E09-F90F2B27E8A1}.Release|x86.ActiveCfg = Release|Any CPU
		{0DDA639D-EC48-413A-8E09-F90F2B27E8A1}.Release|x86.Build.0 = Release|Any CPU
		{AACD6FFF-4661-4D9E-B632-AE6138E7CBA3}.Debug|Any CPU.ActiveCfg = Debug|Any CPU
		{AACD6FFF-4661-4D9E-B632-AE6138E7CBA3}.Debug|Any CPU.Build.0 = Debug|Any CPU
		{AACD6FFF-4661-4D9E-B632-AE6138E7CBA3}.Debug|x64.ActiveCfg = Debug|Any CPU
		{AACD6FFF-4661-4D9E-B632-AE6138E7CBA3}.Debug|x64.Build.0 = Debug|Any CPU
		{AACD6FFF-4661-4D9E-B632-AE6138E7CBA3}.Debug|x86.ActiveCfg = Debug|Any CPU
		{AACD6FFF-4661-4D9E-B632-AE6138E7CBA3}.Debug|x86.Build.0 = Debug|Any CPU
		{AACD6FFF-4661-4D9E-B632-AE6138E7CBA3}.Release|Any CPU.ActiveCfg = Release|Any CPU
		{AACD6FFF-4661-4D9E-B632-AE6138E7CBA3}.Release|Any CPU.Build.0 = Release|Any CPU
		{AACD6FFF-4661-4D9E-B632-AE6138E7CBA3}.Release|x64.ActiveCfg = Release|Any CPU
		{AACD6FFF-4661-4D9E-B632-AE6138E7CBA3}.Release|x64.Build.0 = Release|Any CPU
		{AACD6FFF-4661-4D9E-B632-AE6138E7CBA3}.Release|x86.ActiveCfg = Release|Any CPU
		{AACD6FFF-4661-4D9E-B632-AE6138E7CBA3}.Release|x86.Build.0 = Release|Any CPU
		{03665114-6AAC-4E06-8C4C-DE3AA39B0E93}.Debug|Any CPU.ActiveCfg = Debug|Any CPU
		{03665114-6AAC-4E06-8C4C-DE3AA39B0E93}.Debug|Any CPU.Build.0 = Debug|Any CPU
		{03665114-6AAC-4E06-8C4C-DE3AA39B0E93}.Debug|x64.ActiveCfg = Debug|Any CPU
		{03665114-6AAC-4E06-8C4C-DE3AA39B0E93}.Debug|x64.Build.0 = Debug|Any CPU
		{03665114-6AAC-4E06-8C4C-DE3AA39B0E93}.Debug|x86.ActiveCfg = Debug|Any CPU
		{03665114-6AAC-4E06-8C4C-DE3AA39B0E93}.Debug|x86.Build.0 = Debug|Any CPU
		{03665114-6AAC-4E06-8C4C-DE3AA39B0E93}.Release|Any CPU.ActiveCfg = Release|Any CPU
		{03665114-6AAC-4E06-8C4C-DE3AA39B0E93}.Release|Any CPU.Build.0 = Release|Any CPU
		{03665114-6AAC-4E06-8C4C-DE3AA39B0E93}.Release|x64.ActiveCfg = Release|Any CPU
		{03665114-6AAC-4E06-8C4C-DE3AA39B0E93}.Release|x64.Build.0 = Release|Any CPU
		{03665114-6AAC-4E06-8C4C-DE3AA39B0E93}.Release|x86.ActiveCfg = Release|Any CPU
		{03665114-6AAC-4E06-8C4C-DE3AA39B0E93}.Release|x86.Build.0 = Release|Any CPU
		{7E31E496-3680-44A7-AB92-5CE70E1D99C9}.Debug|Any CPU.ActiveCfg = Debug|Any CPU
		{7E31E496-3680-44A7-AB92-5CE70E1D99C9}.Debug|Any CPU.Build.0 = Debug|Any CPU
		{7E31E496-3680-44A7-AB92-5CE70E1D99C9}.Debug|x64.ActiveCfg = Debug|Any CPU
		{7E31E496-3680-44A7-AB92-5CE70E1D99C9}.Debug|x64.Build.0 = Debug|Any CPU
		{7E31E496-3680-44A7-AB92-5CE70E1D99C9}.Debug|x86.ActiveCfg = Debug|Any CPU
		{7E31E496-3680-44A7-AB92-5CE70E1D99C9}.Debug|x86.Build.0 = Debug|Any CPU
		{7E31E496-3680-44A7-AB92-5CE70E1D99C9}.Release|Any CPU.ActiveCfg = Release|Any CPU
		{7E31E496-3680-44A7-AB92-5CE70E1D99C9}.Release|Any CPU.Build.0 = Release|Any CPU
		{7E31E496-3680-44A7-AB92-5CE70E1D99C9}.Release|x64.ActiveCfg = Release|Any CPU
		{7E31E496-3680-44A7-AB92-5CE70E1D99C9}.Release|x64.Build.0 = Release|Any CPU
		{7E31E496-3680-44A7-AB92-5CE70E1D99C9}.Release|x86.ActiveCfg = Release|Any CPU
		{7E31E496-3680-44A7-AB92-5CE70E1D99C9}.Release|x86.Build.0 = Release|Any CPU
		{DE103138-085A-498E-BC55-3095075B2695}.Debug|Any CPU.ActiveCfg = Debug|Any CPU
		{DE103138-085A-498E-BC55-3095075B2695}.Debug|Any CPU.Build.0 = Debug|Any CPU
		{DE103138-085A-498E-BC55-3095075B2695}.Debug|x64.ActiveCfg = Debug|Any CPU
		{DE103138-085A-498E-BC55-3095075B2695}.Debug|x64.Build.0 = Debug|Any CPU
		{DE103138-085A-498E-BC55-3095075B2695}.Debug|x86.ActiveCfg = Debug|Any CPU
		{DE103138-085A-498E-BC55-3095075B2695}.Debug|x86.Build.0 = Debug|Any CPU
		{DE103138-085A-498E-BC55-3095075B2695}.Release|Any CPU.ActiveCfg = Release|Any CPU
		{DE103138-085A-498E-BC55-3095075B2695}.Release|Any CPU.Build.0 = Release|Any CPU
		{DE103138-085A-498E-BC55-3095075B2695}.Release|x64.ActiveCfg = Release|Any CPU
		{DE103138-085A-498E-BC55-3095075B2695}.Release|x64.Build.0 = Release|Any CPU
		{DE103138-085A-498E-BC55-3095075B2695}.Release|x86.ActiveCfg = Release|Any CPU
		{DE103138-085A-498E-BC55-3095075B2695}.Release|x86.Build.0 = Release|Any CPU
	EndGlobalSection
	GlobalSection(SolutionProperties) = preSolution
		HideSolutionNode = FALSE
	EndGlobalSection
	GlobalSection(NestedProjects) = preSolution
		{77F77AA5-6719-4F09-AB92-EF6EEE185071} = {827E0CD3-B72D-47B6-A68D-7590B98EB39B}
		{0DDA639D-EC48-413A-8E09-F90F2B27E8A1} = {827E0CD3-B72D-47B6-A68D-7590B98EB39B}
		{AACD6FFF-4661-4D9E-B632-AE6138E7CBA3} = {827E0CD3-B72D-47B6-A68D-7590B98EB39B}
		{03665114-6AAC-4E06-8C4C-DE3AA39B0E93} = {827E0CD3-B72D-47B6-A68D-7590B98EB39B}
		{7E31E496-3680-44A7-AB92-5CE70E1D99C9} = {0C88DD14-F956-CE84-757C-A364CCF449FC}
		{DE103138-085A-498E-BC55-3095075B2695} = {0C88DD14-F956-CE84-757C-A364CCF449FC}
	EndGlobalSection
	GlobalSection(ExtensibilityGlobals) = postSolution
		SolutionGuid = {592C0863-F567-4BC3-BCC2-D9154E82C1F0}
	EndGlobalSection
EndGlobal
